
Microsoft Visual Studio Solution File, Format Version 12.00
# Visual Studio Version 16
VisualStudioVersion = 16.0.30621.155
MinimumVisualStudioVersion = 10.0.40219.1
Project("{FAE04EC0-301F-11D3-BF4B-00C04F79EFBC}") = "BookFinder", "BookFinder\BookFinder.csproj", "{0F829C52-199B-4DF4-A23C-931F8B1ADB0B}"
EndProject
Global
	GlobalSection(SolutionConfigurationPlatforms) = preSolution
		Debug|Any CPU = Debug|Any CPU
		Release|Any CPU = Release|Any CPU
	EndGlobalSection
	GlobalSection(ProjectConfigurationPlatforms) = postSolution
		{0F829C52-199B-4DF4-A23C-931F8B1ADB0B}.Debug|Any CPU.ActiveCfg = Debug|Any CPU
		{0F829C52-199B-4DF4-A23C-931F8B1ADB0B}.Debug|Any CPU.Build.0 = Debug|Any CPU
		{0F829C52-199B-4DF4-A23C-931F8B1ADB0B}.Release|Any CPU.ActiveCfg = Release|Any CPU
		{0F829C52-199B-4DF4-A23C-931F8B1ADB0B}.Release|Any CPU.Build.0 = Release|Any CPU
	EndGlobalSection
	GlobalSection(SolutionProperties) = preSolution
		HideSolutionNode = FALSE
	EndGlobalSection
	GlobalSection(ExtensibilityGlobals) = postSolution
		SolutionGuid = {FFE7A6FD-B2DF-415B-91C6-19A54D1ECF2F}
	EndGlobalSection
EndGlobal
